
Microsoft Visual Studio Solution File, Format Version 12.00
# Visual Studio Version 17
VisualStudioVersion = 17.14.36908.2 d17.14
MinimumVisualStudioVersion = 10.0.40219.1
Project("{FAE04EC0-301F-11D3-BF4B-00C04F79EFBC}") = "SV22T1020261.Admin", "SV22T1020261.Admin\SV22T1020261.Admin.csproj", "{986259CB-F5A9-42DA-9C1C-98DDF48FBEB2}"
EndProject
Project("{FAE04EC0-301F-11D3-BF4B-00C04F79EFBC}") = "SV22T1020261.Shop", "SV22T1020261.Shop\SV22T1020261.Shop.csproj", "{57EEEB6F-7354-4E09-9AC9-6086B2BFEDA8}"
EndProject
Project("{FAE04EC0-301F-11D3-BF4B-00C04F79EFBC}") = "SV22T1020261.Models", "SV22T1020261.Models\SV22T1020261.Models.csproj", "{5E0D7FE7-8BD6-42B2-B8E9-A61BC736F10E}"
EndProject
Project("{FAE04EC0-301F-11D3-BF4B-00C04F79EFBC}") = "SV22T1020261.DataLayers", "SV22T1020261.DataLayers\SV22T1020261.DataLayers.csproj", "{080B0B11-56B6-4320-898D-084B659E40DA}"
EndProject
Project("{FAE04EC0-301F-11D3-BF4B-00C04F79EFBC}") = "SV22T1020261.BusinessLayers", "SV22T1020261.BusinessLayers\SV22T1020261.BusinessLayers.csproj", "{3C6F50FE-5EE4-4158-8220-E929EE5C27EA}"
EndProject
Project("{2150E333-8FDC-42A3-9474-1A3956D46DE8}") = "Applications", "Applications", "{02EA681E-C7D8-13C7-8484-4AC65E1B71E8}"
EndProject
Project("{2150E333-8FDC-42A3-9474-1A3956D46DE8}") = "Library", "Library", "{08F21C8B-49DB-4EB2-96A2-5E508F893A1B}"
EndProject
Project("{2150E333-8FDC-42A3-9474-1A3956D46DE8}") = "Notes", "Notes", "{D38E441B-12F8-4E0F-B27C-7E5F0B693361}"
	ProjectSection(SolutionItems) = preProject
		Log.md = Log.md
	EndProjectSection
EndProject
Global
	GlobalSection(SolutionConfigurationPlatforms) = preSolution
		Debug|Any CPU = Debug|Any CPU
		Release|Any CPU = Release|Any CPU
	EndGlobalSection
	GlobalSection(ProjectConfigurationPlatforms) = postSolution
		{986259CB-F5A9-42DA-9C1C-98DDF48FBEB2}.Debug|Any CPU.ActiveCfg = Debug|Any CPU
		{986259CB-F5A9-42DA-9C1C-98DDF48FBEB2}.Debug|Any CPU.Build.0 = Debug|Any CPU
		{986259CB-F5A9-42DA-9C1C-98DDF48FBEB2}.Release|Any CPU.ActiveCfg = Release|Any CPU
		{986259CB-F5A9-42DA-9C1C-98DDF48FBEB2}.Release|Any CPU.Build.0 = Release|Any CPU
		{57EEEB6F-7354-4E09-9AC9-6086B2BFEDA8}.Debug|Any CPU.ActiveCfg = Debug|Any CPU
		{57EEEB6F-7354-4E09-9AC9-6086B2BFEDA8}.Debug|Any CPU.Build.0 = Debug|Any CPU
		{57EEEB6F-7354-4E09-9AC9-6086B2BFEDA8}.Release|Any CPU.ActiveCfg = Release|Any CPU
		{57EEEB6F-7354-4E09-9AC9-6086B2BFEDA8}.Release|Any CPU.Build.0 = Release|Any CPU
		{5E0D7FE7-8BD6-42B2-B8E9-A61BC736F10E}.Debug|Any CPU.ActiveCfg = Debug|Any CPU
		{5E0D7FE7-8BD6-42B2-B8E9-A61BC736F10E}.Debug|Any CPU.Build.0 = Debug|Any CPU
		{5E0D7FE7-8BD6-42B2-B8E9-A61BC736F10E}.Release|Any CPU.ActiveCfg = Release|Any CPU
		{5E0D7FE7-8BD6-42B2-B8E9-A61BC736F10E}.Release|Any CPU.Build.0 = Release|Any CPU
		{080B0B11-56B6-4320-898D-084B659E40DA}.Debug|Any CPU.ActiveCfg = Debug|Any CPU
		{080B0B11-56B6-4320-898D-084B659E40DA}.Debug|Any CPU.Build.0 = Debug|Any CPU
		{080B0B11-56B6-4320-898D-084B659E40DA}.Release|Any CPU.ActiveCfg = Release|Any CPU
		{080B0B11-56B6-4320-898D-084B659E40DA}.Release|Any CPU.Build.0 = Release|Any CPU
		{3C6F50FE-5EE4-4158-8220-E929EE5C27EA}.Debug|Any CPU.ActiveCfg = Debug|Any CPU
		{3C6F50FE-5EE4-4158-8220-E929EE5C27EA}.Debug|Any CPU.Build.0 = Debug|Any CPU
		{3C6F50FE-5EE4-4158-8220-E929EE5C27EA}.Release|Any CPU.ActiveCfg = Release|Any CPU
		{3C6F50FE-5EE4-4158-8220-E929EE5C27EA}.Release|Any CPU.Build.0 = Release|Any CPU
	EndGlobalSection
	GlobalSection(SolutionProperties) = preSolution
		HideSolutionNode = FALSE
	EndGlobalSection
	GlobalSection(NestedProjects) = preSolution
		{986259CB-F5A9-42DA-9C1C-98DDF48FBEB2} = {02EA681E-C7D8-13C7-8484-4AC65E1B71E8}
		{57EEEB6F-7354-4E09-9AC9-6086B2BFEDA8} = {02EA681E-C7D8-13C7-8484-4AC65E1B71E8}
		{5E0D7FE7-8BD6-42B2-B8E9-A61BC736F10E} = {08F21C8B-49DB-4EB2-96A2-5E508F893A1B}
		{080B0B11-56B6-4320-898D-084B659E40DA} = {08F21C8B-49DB-4EB2-96A2-5E508F893A1B}
		{3C6F50FE-5EE4-4158-8220-E929EE5C27EA} = {08F21C8B-49DB-4EB2-96A2-5E508F893A1B}
	EndGlobalSection
	GlobalSection(ExtensibilityGlobals) = postSolution
		SolutionGuid = {787B1998-C8D4-403F-85B7-0E41DB04E087}
	EndGlobalSection
EndGlobal
